
Microsoft Visual Studio Solution File, Format Version 10.00
# Visual C++ Express 2008
Project("{8BC9CEB8-8B4A-11D0-8D11-00A0C91BC942}") = "bsp-renderer", "bsp-renderer.vcproj", "{2DFD3C78-041B-44F7-AAD6-6BAD2B62779A}"
EndProject
Global
	GlobalSection(SolutionConfigurationPlatforms) = preSolution
		Debug|Win32 = Debug|Win32
		Release|Win32 = Release|Win32
	EndGlobalSection
	GlobalSection(ProjectConfigurationPlatforms) = postSolution
		{2DFD3C78-041B-44F7-AAD6-6BAD2B62779A}.Debug|Win32.ActiveCfg = Debug|Win32
		{2DFD3C78-041B-44F7-AAD6-6BAD2B62779A}.Debug|Win32.Build.0 = Debug|Win32
		{2DFD3C78-041B-44F7-AAD6-6BAD2B62779A}.Release|Win32.ActiveCfg = Release|Win32
		{2DFD3C78-041B-44F7-AAD6-6BAD2B62779A}.Release|Win32.Build.0 = Release|Win32
	EndGlobalSection
	GlobalSection(SolutionProperties) = preSolution
		HideSolutionNode = FALSE
	EndGlobalSection
EndGlobal
